
Microsoft Visual Studio Solution File, Format Version 12.00
# Visual Studio Version 16
VisualStudioVersion = 16.0.30011.22
MinimumVisualStudioVersion = 10.0.40219.1
Project("{9A19103F-16F7-4668-BE54-9A1E7A4F7556}") = "SingletonExamples", "DesignPatternExamples\SingletonExamples.csproj", "{CBD802AA-F9B6-462E-92EF-8BADC2E38CBB}"
EndProject
Project("{9A19103F-16F7-4668-BE54-9A1E7A4F7556}") = "FactoryMethodExamples", "FactoryMethodExamples\FactoryMethodExamples.csproj", "{036740EF-0996-4357-93CB-626574E31DC5}"
EndProject
Project("{FAE04EC0-301F-11D3-BF4B-00C04F79EFBC}") = "BuilderExamples", "BuilderExamples\BuilderExamples.csproj", "{A5E766C2-2AAE-4BF4-BC48-8ACCEA1C9258}"
EndProject
Global
	GlobalSection(SolutionConfigurationPlatforms) = preSolution
		Debug|Any CPU = Debug|Any CPU
		Release|Any CPU = Release|Any CPU
	EndGlobalSection
	GlobalSection(ProjectConfigurationPlatforms) = postSolution
		{CBD802AA-F9B6-462E-92EF-8BADC2E38CBB}.Debug|Any CPU.ActiveCfg = Debug|Any CPU
		{CBD802AA-F9B6-462E-92EF-8BADC2E38CBB}.Debug|Any CPU.Build.0 = Debug|Any CPU
		{CBD802AA-F9B6-462E-92EF-8BADC2E38CBB}.Release|Any CPU.ActiveCfg = Release|Any CPU
		{CBD802AA-F9B6-462E-92EF-8BADC2E38CBB}.Release|Any CPU.Build.0 = Release|Any CPU
		{036740EF-0996-4357-93CB-626574E31DC5}.Debug|Any CPU.ActiveCfg = Debug|Any CPU
		{036740EF-0996-4357-93CB-626574E31DC5}.Debug|Any CPU.Build.0 = Debug|Any CPU
		{036740EF-0996-4357-93CB-626574E31DC5}.Release|Any CPU.ActiveCfg = Release|Any CPU
		{036740EF-0996-4357-93CB-626574E31DC5}.Release|Any CPU.Build.0 = Release|Any CPU
		{A5E766C2-2AAE-4BF4-BC48-8ACCEA1C9258}.Debug|Any CPU.ActiveCfg = Debug|Any CPU
		{A5E766C2-2AAE-4BF4-BC48-8ACCEA1C9258}.Debug|Any CPU.Build.0 = Debug|Any CPU
		{A5E766C2-2AAE-4BF4-BC48-8ACCEA1C9258}.Release|Any CPU.ActiveCfg = Release|Any CPU
		{A5E766C2-2AAE-4BF4-BC48-8ACCEA1C9258}.Release|Any CPU.Build.0 = Release|Any CPU
	EndGlobalSection
	GlobalSection(SolutionProperties) = preSolution
		HideSolutionNode = FALSE
	EndGlobalSection
	GlobalSection(ExtensibilityGlobals) = postSolution
		SolutionGuid = {7EAE84C7-FEF4-4CEF-AE61-0F65641E2AA3}
	EndGlobalSection
EndGlobal
